
Microsoft Visual Studio Solution File, Format Version 12.00
# Visual Studio 15
Project("{FAE04EC0-301F-11D3-BF4B-00C04F79EFBC}") = "Path Finder", "Assembly-CSharp.csproj", "{BFE0BDAD-E6CE-9B48-8DA8-1E2024E8B899}"
EndProject
Global
	GlobalSection(SolutionConfigurationPlatforms) = preSolution
		Debug|Any CPU = Debug|Any CPU
		Release|Any CPU = Release|Any CPU
	EndGlobalSection
	GlobalSection(ProjectConfigurationPlatforms) = postSolution
		{BFE0BDAD-E6CE-9B48-8DA8-1E2024E8B899}.Debug|Any CPU.ActiveCfg = Debug|Any CPU
		{BFE0BDAD-E6CE-9B48-8DA8-1E2024E8B899}.Debug|Any CPU.Build.0 = Debug|Any CPU
		{BFE0BDAD-E6CE-9B48-8DA8-1E2024E8B899}.Release|Any CPU.ActiveCfg = Release|Any CPU
		{BFE0BDAD-E6CE-9B48-8DA8-1E2024E8B899}.Release|Any CPU.Build.0 = Release|Any CPU
	EndGlobalSection
	GlobalSection(SolutionProperties) = preSolution
		HideSolutionNode = FALSE
	EndGlobalSection
EndGlobal
